
Microsoft Visual Studio Solution File, Format Version 12.00
# Visual Studio Version 17
VisualStudioVersion = 17.7.34221.43
MinimumVisualStudioVersion = 10.0.40219.1
Project("{2150E333-8FDC-42A3-9474-1A3956D46DE8}") = "Core", "Core", "{3705C267-F42A-4C20-8022-049BD1DE6DC0}"
EndProject
Project("{9A19103F-16F7-4668-BE54-9A1E7A4F7556}") = "CabukHemenSimdiIzle.Domain", "Core\CabukHemenSimdiIzle.Domain\CabukHemenSimdiIzle.Domain.csproj", "{1E00E378-137C-4A3E-A445-93723DD2131C}"
EndProject
Project("{9A19103F-16F7-4668-BE54-9A1E7A4F7556}") = "CabukHemenSimdiIzle.Application", "Core\CabukHemenSimdiIzle.Application\CabukHemenSimdiIzle.Application.csproj", "{55F07860-08EE-4AB5-8C52-995AD685D3B7}"
EndProject
Project("{2150E333-8FDC-42A3-9474-1A3956D46DE8}") = "Infrastructure", "Infrastructure", "{8F883C3C-ADE0-41D9-BC96-5640B8725A3B}"
EndProject
Project("{9A19103F-16F7-4668-BE54-9A1E7A4F7556}") = "CabukHemenSimdiIzle.Infrastructure", "Infrastructure\CabukHemenSimdiIzle.Infrastructure\CabukHemenSimdiIzle.Infrastructure.csproj", "{BB8AD9C4-8F83-4B49-815A-6D3FCD613BF1}"
EndProject
Project("{9A19103F-16F7-4668-BE54-9A1E7A4F7556}") = "CabukHemenSimdiIzle.Persistence", "Infrastructure\CabukHemenSimdiIzle.Persistence\CabukHemenSimdiIzle.Persistence.csproj", "{E037CF21-A781-42FC-8792-58E24E5138FC}"
EndProject
Project("{2150E333-8FDC-42A3-9474-1A3956D46DE8}") = "Persistence", "Persistence", "{6BFAF88D-89CF-486C-860C-881DE0EFAC53}"
EndProject
Project("{9A19103F-16F7-4668-BE54-9A1E7A4F7556}") = "CabukHemenSimdiIzle.MVC", "Presentation\CabukHemenSimdiIzle.MVC\CabukHemenSimdiIzle.MVC.csproj", "{90B82EC4-EC12-4D33-A27C-2141E5D0F036}"
EndProject
Global
	GlobalSection(SolutionConfigurationPlatforms) = preSolution
		Debug|Any CPU = Debug|Any CPU
		Release|Any CPU = Release|Any CPU
	EndGlobalSection
	GlobalSection(ProjectConfigurationPlatforms) = postSolution
		{1E00E378-137C-4A3E-A445-93723DD2131C}.Debug|Any CPU.ActiveCfg = Debug|Any CPU
		{1E00E378-137C-4A3E-A445-93723DD2131C}.Debug|Any CPU.Build.0 = Debug|Any CPU
		{1E00E378-137C-4A3E-A445-93723DD2131C}.Release|Any CPU.ActiveCfg = Release|Any CPU
		{1E00E378-137C-4A3E-A445-93723DD2131C}.Release|Any CPU.Build.0 = Release|Any CPU
		{55F07860-08EE-4AB5-8C52-995AD685D3B7}.Debug|Any CPU.ActiveCfg = Debug|Any CPU
		{55F07860-08EE-4AB5-8C52-995AD685D3B7}.Debug|Any CPU.Build.0 = Debug|Any CPU
		{55F07860-08EE-4AB5-8C52-995AD685D3B7}.Release|Any CPU.ActiveCfg = Release|Any CPU
		{55F07860-08EE-4AB5-8C52-995AD685D3B7}.Release|Any CPU.Build.0 = Release|Any CPU
		{BB8AD9C4-8F83-4B49-815A-6D3FCD613BF1}.Debug|Any CPU.ActiveCfg = Debug|Any CPU
		{BB8AD9C4-8F83-4B49-815A-6D3FCD613BF1}.Debug|Any CPU.Build.0 = Debug|Any CPU
		{BB8AD9C4-8F83-4B49-815A-6D3FCD613BF1}.Release|Any CPU.ActiveCfg = Release|Any CPU
		{BB8AD9C4-8F83-4B49-815A-6D3FCD613BF1}.Release|Any CPU.Build.0 = Release|Any CPU
		{E037CF21-A781-42FC-8792-58E24E5138FC}.Debug|Any CPU.ActiveCfg = Debug|Any CPU
		{E037CF21-A781-42FC-8792-58E24E5138FC}.Debug|Any CPU.Build.0 = Debug|Any CPU
		{E037CF21-A781-42FC-8792-58E24E5138FC}.Release|Any CPU.ActiveCfg = Release|Any CPU
		{E037CF21-A781-42FC-8792-58E24E5138FC}.Release|Any CPU.Build.0 = Release|Any CPU
		{90B82EC4-EC12-4D33-A27C-2141E5D0F036}.Debug|Any CPU.ActiveCfg = Debug|Any CPU
		{90B82EC4-EC12-4D33-A27C-2141E5D0F036}.Debug|Any CPU.Build.0 = Debug|Any CPU
		{90B82EC4-EC12-4D33-A27C-2141E5D0F036}.Release|Any CPU.ActiveCfg = Release|Any CPU
		{90B82EC4-EC12-4D33-A27C-2141E5D0F036}.Release|Any CPU.Build.0 = Release|Any CPU
	EndGlobalSection
	GlobalSection(SolutionProperties) = preSolution
		HideSolutionNode = FALSE
	EndGlobalSection
	GlobalSection(NestedProjects) = preSolution
		{1E00E378-137C-4A3E-A445-93723DD2131C} = {3705C267-F42A-4C20-8022-049BD1DE6DC0}
		{55F07860-08EE-4AB5-8C52-995AD685D3B7} = {3705C267-F42A-4C20-8022-049BD1DE6DC0}
		{BB8AD9C4-8F83-4B49-815A-6D3FCD613BF1} = {8F883C3C-ADE0-41D9-BC96-5640B8725A3B}
		{E037CF21-A781-42FC-8792-58E24E5138FC} = {8F883C3C-ADE0-41D9-BC96-5640B8725A3B}
		{90B82EC4-EC12-4D33-A27C-2141E5D0F036} = {6BFAF88D-89CF-486C-860C-881DE0EFAC53}
	EndGlobalSection
	GlobalSection(ExtensibilityGlobals) = postSolution
		SolutionGuid = {1ECEA51C-6089-435A-9D78-44152FAE6F8F}
	EndGlobalSection
EndGlobal
